
Microsoft Visual Studio Solution File, Format Version 12.00
# Visual Studio 14
VisualStudioVersion = 14.0.23107.0
MinimumVisualStudioVersion = 10.0.40219.1
Project("{FAE04EC0-301F-11D3-BF4B-00C04F79EFBC}") = "js压缩工具", "js压缩工具\js压缩工具.csproj", "{CC6C142A-7306-426E-A68C-190B96D1EECC}"
EndProject
Global
	GlobalSection(SolutionConfigurationPlatforms) = preSolution
		Debug|Any CPU = Debug|Any CPU
		Release|Any CPU = Release|Any CPU
	EndGlobalSection
	GlobalSection(ProjectConfigurationPlatforms) = postSolution
		{CC6C142A-7306-426E-A68C-190B96D1EECC}.Debug|Any CPU.ActiveCfg = Debug|Any CPU
		{CC6C142A-7306-426E-A68C-190B96D1EECC}.Debug|Any CPU.Build.0 = Debug|Any CPU
		{CC6C142A-7306-426E-A68C-190B96D1EECC}.Release|Any CPU.ActiveCfg = Release|Any CPU
		{CC6C142A-7306-426E-A68C-190B96D1EECC}.Release|Any CPU.Build.0 = Release|Any CPU
	EndGlobalSection
	GlobalSection(SolutionProperties) = preSolution
		HideSolutionNode = FALSE
	EndGlobalSection
EndGlobal
